
Microsoft Visual Studio Solution File, Format Version 12.00
# Visual Studio Version 17
VisualStudioVersion = 17.11.35327.3
MinimumVisualStudioVersion = 10.0.40219.1
Project("{FAE04EC0-301F-11D3-BF4B-00C04F79EFBC}") = "проект 2", "проект 2\проект 2.csproj", "{7369D24B-E5C4-491C-93D4-1A707BF58AE2}"
EndProject
Global
	GlobalSection(SolutionConfigurationPlatforms) = preSolution
		Debug|Any CPU = Debug|Any CPU
		Release|Any CPU = Release|Any CPU
	EndGlobalSection
	GlobalSection(ProjectConfigurationPlatforms) = postSolution
		{7369D24B-E5C4-491C-93D4-1A707BF58AE2}.Debug|Any CPU.ActiveCfg = Debug|Any CPU
		{7369D24B-E5C4-491C-93D4-1A707BF58AE2}.Debug|Any CPU.Build.0 = Debug|Any CPU
		{7369D24B-E5C4-491C-93D4-1A707BF58AE2}.Release|Any CPU.ActiveCfg = Release|Any CPU
		{7369D24B-E5C4-491C-93D4-1A707BF58AE2}.Release|Any CPU.Build.0 = Release|Any CPU
	EndGlobalSection
	GlobalSection(SolutionProperties) = preSolution
		HideSolutionNode = FALSE
	EndGlobalSection
	GlobalSection(ExtensibilityGlobals) = postSolution
		SolutionGuid = {1CFD017F-51A1-4521-9F64-8132C613DF96}
	EndGlobalSection
EndGlobal
